
Microsoft Visual Studio Solution File, Format Version 12.00
# Visual Studio Version 17
VisualStudioVersion = 17.12.35506.116 d17.12
MinimumVisualStudioVersion = 10.0.40219.1
Project("{FAE04EC0-301F-11D3-BF4B-00C04F79EFBC}") = "Shipping.API", "..\Shipping.API\Shipping.API.csproj", "{4D788C8A-D747-4F7B-8F09-C111482DC58B}"
EndProject
Project("{FAE04EC0-301F-11D3-BF4B-00C04F79EFBC}") = "Shipping.Application", "..\Shipping.Application\Shipping.Application.csproj", "{1FA10980-A4F0-4C02-95A1-3C2A5045C123}"
EndProject
Project("{FAE04EC0-301F-11D3-BF4B-00C04F79EFBC}") = "Shipping.Domain", "..\Shipping.Domain\Shipping.Domain.csproj", "{681A1C07-70B7-4339-9F57-26F3AF3503E1}"
EndProject
Project("{FAE04EC0-301F-11D3-BF4B-00C04F79EFBC}") = "Shipping.Infrastructure", "..\Shipping.Infrastructure\Shipping.Infrastructure.csproj", "{92529776-5A55-4860-B52C-A2D9425E4AC3}"
EndProject
Global
	GlobalSection(SolutionConfigurationPlatforms) = preSolution
		Debug|Any CPU = Debug|Any CPU
		Release|Any CPU = Release|Any CPU
	EndGlobalSection
	GlobalSection(ProjectConfigurationPlatforms) = postSolution
		{4D788C8A-D747-4F7B-8F09-C111482DC58B}.Debug|Any CPU.ActiveCfg = Debug|Any CPU
		{4D788C8A-D747-4F7B-8F09-C111482DC58B}.Debug|Any CPU.Build.0 = Debug|Any CPU
		{4D788C8A-D747-4F7B-8F09-C111482DC58B}.Release|Any CPU.ActiveCfg = Release|Any CPU
		{4D788C8A-D747-4F7B-8F09-C111482DC58B}.Release|Any CPU.Build.0 = Release|Any CPU
		{1FA10980-A4F0-4C02-95A1-3C2A5045C123}.Debug|Any CPU.ActiveCfg = Debug|Any CPU
		{1FA10980-A4F0-4C02-95A1-3C2A5045C123}.Debug|Any CPU.Build.0 = Debug|Any CPU
		{1FA10980-A4F0-4C02-95A1-3C2A5045C123}.Release|Any CPU.ActiveCfg = Release|Any CPU
		{1FA10980-A4F0-4C02-95A1-3C2A5045C123}.Release|Any CPU.Build.0 = Release|Any CPU
		{681A1C07-70B7-4339-9F57-26F3AF3503E1}.Debug|Any CPU.ActiveCfg = Debug|Any CPU
		{681A1C07-70B7-4339-9F57-26F3AF3503E1}.Debug|Any CPU.Build.0 = Debug|Any CPU
		{681A1C07-70B7-4339-9F57-26F3AF3503E1}.Release|Any CPU.ActiveCfg = Release|Any CPU
		{681A1C07-70B7-4339-9F57-26F3AF3503E1}.Release|Any CPU.Build.0 = Release|Any CPU
		{92529776-5A55-4860-B52C-A2D9425E4AC3}.Debug|Any CPU.ActiveCfg = Debug|Any CPU
		{92529776-5A55-4860-B52C-A2D9425E4AC3}.Debug|Any CPU.Build.0 = Debug|Any CPU
		{92529776-5A55-4860-B52C-A2D9425E4AC3}.Release|Any CPU.ActiveCfg = Release|Any CPU
		{92529776-5A55-4860-B52C-A2D9425E4AC3}.Release|Any CPU.Build.0 = Release|Any CPU
	EndGlobalSection
	GlobalSection(SolutionProperties) = preSolution
		HideSolutionNode = FALSE
	EndGlobalSection
EndGlobal
